# This file is automatically @generated by Cargo.
# It is not intended for manual editing.
version = 4

[[package]]
name = "borrowing"
version = "0.1.0"

[[package]]
name = "estructura_y_tipos"
version = "0.1.0"

[[package]]
name = "hola_rust"
version = "0.1.0"

[[package]]
name = "iteradores"
version = "0.1.0"

[[package]]
name = "lifetimes_string_str"
version = "0.1.0"

[[package]]
name = "map_filter_collect"
version = "0.1.0"

[[package]]
name = "mutables_constantes"
version = "0.1.0"

[[package]]
name = "slices"
version = "0.1.0"

[[package]]
name = "variables_binding"
version = "0.1.0"

[[package]]
name = "vectores_acceso"
version = "0.1.0"

[[package]]
name = "vectores_creacion"
version = "0.1.0"

[[package]]
name = "vectores_for"
version = "0.1.0"
